
Microsoft Visual Studio Solution File, Format Version 12.00
# Visual Studio Version 16
VisualStudioVersion = 16.0.33214.272
MinimumVisualStudioVersion = 10.0.40219.1
Project("{9A19103F-16F7-4668-BE54-9A1E7A4F7556}") = "Buffalo Intex", "Buffalo Intex.csproj", "{9BD12C89-F30C-407B-A53A-F0E2F0D94EDD}"
EndProject
Global
	GlobalSection(SolutionConfigurationPlatforms) = preSolution
		Debug|Any CPU = Debug|Any CPU
		Release|Any CPU = Release|Any CPU
	EndGlobalSection
	GlobalSection(ProjectConfigurationPlatforms) = postSolution
		{9BD12C89-F30C-407B-A53A-F0E2F0D94EDD}.Debug|Any CPU.ActiveCfg = Debug|Any CPU
		{9BD12C89-F30C-407B-A53A-F0E2F0D94EDD}.Debug|Any CPU.Build.0 = Debug|Any CPU
		{9BD12C89-F30C-407B-A53A-F0E2F0D94EDD}.Release|Any CPU.ActiveCfg = Release|Any CPU
		{9BD12C89-F30C-407B-A53A-F0E2F0D94EDD}.Release|Any CPU.Build.0 = Release|Any CPU
	EndGlobalSection
	GlobalSection(SolutionProperties) = preSolution
		HideSolutionNode = FALSE
	EndGlobalSection
	GlobalSection(ExtensibilityGlobals) = postSolution
		SolutionGuid = {79464E99-8FEF-45E7-ABA7-DDC42753682B}
	EndGlobalSection
EndGlobal
